
Microsoft Visual Studio Solution File, Format Version 12.00
# Visual Studio Version 17
VisualStudioVersion = 17.5.33627.172
MinimumVisualStudioVersion = 10.0.40219.1
Project("{888888A0-9F3D-457C-B088-3A5042F75D52}") = "Event Evaluation with Sentiment Analysis System", "Event Evaluation with Sentiment Analysis System.pyproj", "{545A2237-A207-452E-83BC-93082CF25DFC}"
EndProject
Global
	GlobalSection(SolutionConfigurationPlatforms) = preSolution
		Debug|Any CPU = Debug|Any CPU
		Release|Any CPU = Release|Any CPU
	EndGlobalSection
	GlobalSection(ProjectConfigurationPlatforms) = postSolution
		{545A2237-A207-452E-83BC-93082CF25DFC}.Debug|Any CPU.ActiveCfg = Debug|Any CPU
		{545A2237-A207-452E-83BC-93082CF25DFC}.Debug|Any CPU.Build.0 = Debug|Any CPU
		{545A2237-A207-452E-83BC-93082CF25DFC}.Release|Any CPU.ActiveCfg = Release|Any CPU
		{545A2237-A207-452E-83BC-93082CF25DFC}.Release|Any CPU.Build.0 = Release|Any CPU
	EndGlobalSection
	GlobalSection(SolutionProperties) = preSolution
		HideSolutionNode = FALSE
	EndGlobalSection
	GlobalSection(ExtensibilityGlobals) = postSolution
		SolutionGuid = {088A3FBD-664C-4E89-9B4C-BFF7428704C7}
	EndGlobalSection
EndGlobal
